
Microsoft Visual Studio Solution File, Format Version 12.00
# Visual Studio Version 17
VisualStudioVersion = 17.0.32112.339
MinimumVisualStudioVersion = 10.0.40219.1
Project("{FAE04EC0-301F-11D3-BF4B-00C04F79EFBC}") = "Shutdown", "Shutdown\Shutdown.csproj", "{7551DC83-5D3E-494B-B8CF-B0C13A1FFF74}"
EndProject
Global
	GlobalSection(SolutionConfigurationPlatforms) = preSolution
		Debug|Any CPU = Debug|Any CPU
		Release|Any CPU = Release|Any CPU
	EndGlobalSection
	GlobalSection(ProjectConfigurationPlatforms) = postSolution
		{7551DC83-5D3E-494B-B8CF-B0C13A1FFF74}.Debug|Any CPU.ActiveCfg = Debug|Any CPU
		{7551DC83-5D3E-494B-B8CF-B0C13A1FFF74}.Debug|Any CPU.Build.0 = Debug|Any CPU
		{7551DC83-5D3E-494B-B8CF-B0C13A1FFF74}.Release|Any CPU.ActiveCfg = Release|Any CPU
		{7551DC83-5D3E-494B-B8CF-B0C13A1FFF74}.Release|Any CPU.Build.0 = Release|Any CPU
	EndGlobalSection
	GlobalSection(SolutionProperties) = preSolution
		HideSolutionNode = FALSE
	EndGlobalSection
	GlobalSection(ExtensibilityGlobals) = postSolution
		SolutionGuid = {A302EC33-FFC4-4AC1-BBFB-8665350856D9}
	EndGlobalSection
EndGlobal
